
Microsoft Visual Studio Solution File, Format Version 12.00
# Visual Studio Version 16
VisualStudioVersion = 16.0.30104.148
MinimumVisualStudioVersion = 10.0.40219.1
Project("{FAE04EC0-301F-11D3-BF4B-00C04F79EFBC}") = "Net4Lib", "Net4\Net4Lib.csproj", "{B1A9FDEA-B47C-4BE4-B661-7F388C70B48F}"
EndProject
Project("{FAE04EC0-301F-11D3-BF4B-00C04F79EFBC}") = "Net4Mvc", "Net4Mvc\Net4Mvc.csproj", "{0C8EB326-3168-492E-A2E4-27B0A10B216E}"
EndProject
Project("{2150E333-8FDC-42A3-9474-1A3956D46DE8}") = "Net452", "Net452", "{886A710F-8548-4755-88C2-04D9EB85B3D1}"
EndProject
Global
	GlobalSection(SolutionConfigurationPlatforms) = preSolution
		Debug|Any CPU = Debug|Any CPU
		Release|Any CPU = Release|Any CPU
	EndGlobalSection
	GlobalSection(ProjectConfigurationPlatforms) = postSolution
		{B1A9FDEA-B47C-4BE4-B661-7F388C70B48F}.Debug|Any CPU.ActiveCfg = Debug|Any CPU
		{B1A9FDEA-B47C-4BE4-B661-7F388C70B48F}.Debug|Any CPU.Build.0 = Debug|Any CPU
		{B1A9FDEA-B47C-4BE4-B661-7F388C70B48F}.Release|Any CPU.ActiveCfg = Release|Any CPU
		{B1A9FDEA-B47C-4BE4-B661-7F388C70B48F}.Release|Any CPU.Build.0 = Release|Any CPU
		{0C8EB326-3168-492E-A2E4-27B0A10B216E}.Debug|Any CPU.ActiveCfg = Debug|Any CPU
		{0C8EB326-3168-492E-A2E4-27B0A10B216E}.Debug|Any CPU.Build.0 = Debug|Any CPU
		{0C8EB326-3168-492E-A2E4-27B0A10B216E}.Release|Any CPU.ActiveCfg = Release|Any CPU
		{0C8EB326-3168-492E-A2E4-27B0A10B216E}.Release|Any CPU.Build.0 = Release|Any CPU
	EndGlobalSection
	GlobalSection(SolutionProperties) = preSolution
		HideSolutionNode = FALSE
	EndGlobalSection
	GlobalSection(NestedProjects) = preSolution
		{B1A9FDEA-B47C-4BE4-B661-7F388C70B48F} = {886A710F-8548-4755-88C2-04D9EB85B3D1}
		{0C8EB326-3168-492E-A2E4-27B0A10B216E} = {886A710F-8548-4755-88C2-04D9EB85B3D1}
	EndGlobalSection
	GlobalSection(ExtensibilityGlobals) = postSolution
		SolutionGuid = {1D085DAA-68CD-42AA-9DDE-E030C7CA6BED}
	EndGlobalSection
EndGlobal
